
Microsoft Visual Studio Solution File, Format Version 12.00
# Visual Studio Version 17
VisualStudioVersion = 17.12.35707.178
MinimumVisualStudioVersion = 10.0.40219.1
Project("{FAE04EC0-301F-11D3-BF4B-00C04F79EFBC}") = "BusInfoMVCSample", "BusInfoMVCSample\BusInfoMVCSample.csproj", "{2E099FC2-40D2-4783-A9A2-527E3DC973C1}"
EndProject
Global
	GlobalSection(SolutionConfigurationPlatforms) = preSolution
		Debug|Any CPU = Debug|Any CPU
		Release|Any CPU = Release|Any CPU
	EndGlobalSection
	GlobalSection(ProjectConfigurationPlatforms) = postSolution
		{2E099FC2-40D2-4783-A9A2-527E3DC973C1}.Debug|Any CPU.ActiveCfg = Debug|Any CPU
		{2E099FC2-40D2-4783-A9A2-527E3DC973C1}.Debug|Any CPU.Build.0 = Debug|Any CPU
		{2E099FC2-40D2-4783-A9A2-527E3DC973C1}.Release|Any CPU.ActiveCfg = Release|Any CPU
		{2E099FC2-40D2-4783-A9A2-527E3DC973C1}.Release|Any CPU.Build.0 = Release|Any CPU
	EndGlobalSection
	GlobalSection(SolutionProperties) = preSolution
		HideSolutionNode = FALSE
	EndGlobalSection
	GlobalSection(TeamFoundationVersionControl) = preSolution
		SccNumberOfProjects = 2
		SccEnterpriseProvider = {4CA58AB2-18FA-4F8D-95D4-32DDF27D184C}
		SccTeamFoundationServer = https://happybono.visualstudio.com/
		SccLocalPath0 = .
		SccProjectUniqueName1 = BusInfoMVCSample\\BusInfoMVCSample.csproj
		SccProjectName1 = BusInfoMVCSample
		SccLocalPath1 = BusInfoMVCSample
	EndGlobalSection
EndGlobal
